// !$*UTF8*$!
{
	archiveVersion = 1;
	classes = {
	};
	objectVersion = 46;
	objects = {

/* Begin PBXBuildFile section */
		F94E5B271DE24C460051AF6E /* AppDelegate.swift in Sources */ = {isa = PBXBuildFile; fileRef = F94E5B261DE24C460051AF6E /* AppDelegate.swift */; };
		F94E5B291DE24C460051AF6E /* ViewController.swift in Sources */ = {isa = PBXBuildFile; fileRef = F94E5B281DE24C460051AF6E /* ViewController.swift */; };
		F94E5B2C1DE24C460051AF6E /* Main.storyboard in Resources */ = {isa = PBXBuildFile; fileRef = F94E5B2A1DE24C460051AF6E /* Main.storyboard */; };
		F94E5B2E1DE24C460051AF6E /* Assets.xcassets in Resources */ = {isa = PBXBuildFile; fileRef = F94E5B2D1DE24C460051AF6E /* Assets.xcassets */; };
		F94E5B311DE24C460051AF6E /* LaunchScreen.storyboard in Resources */ = {isa = PBXBuildFile; fileRef = F94E5B2F1DE24C460051AF6E /* LaunchScreen.storyboard */; };
		F94E5B391DE254040051AF6E /* Board.swift in Sources */ = {isa = PBXBuildFile; fileRef = F94E5B381DE254040051AF6E /* Board.swift */; };
		F9ECBD471DE2713600B9B71A /* Player.swift in Sources */ = {isa = PBXBuildFile; fileRef = F9ECBD461DE2713600B9B71A /* Player.swift */; };
/* End PBXBuildFile section */

/* Begin PBXFileReference section */
		F94E5B231DE24C460051AF6E /* four-in-a-row.app */ = {isa = PBXFileReference; explicitFileType = wrapper.application; includeInIndex = 0; path = "four-in-a-row.app"; sourceTree = BUILT_PRODUCTS_DIR; };
		F94E5B261DE24C460051AF6E /* AppDelegate.swift */ = {isa = PBXFileReference; lastKnownFileType = sourcecode.swift; path = AppDelegate.swift; sourceTree = "<group>"; };
		F94E5B281DE24C460051AF6E /* ViewController.swift */ = {isa = PBXFileReference; lastKnownFileType = sourcecode.swift; path = ViewController.swift; sourceTree = "<group>"; };
		F94E5B2B1DE24C460051AF6E /* Base */ = {isa = PBXFileReference; lastKnownFileType = file.storyboard; name = Base; path = Base.lproj/Main.storyboard; sourceTree = "<group>"; };
		F94E5B2D1DE24C460051AF6E /* Assets.xcassets */ = {isa = PBXFileReference; lastKnownFileType = folder.assetcatalog; path = Assets.xcassets; sourceTree = "<group>"; };
		F94E5B301DE24C460051AF6E /* Base */ = {isa = PBXFileReference; lastKnownFileType = file.storyboard; name = Base; path = Base.lproj/LaunchScreen.storyboard; sourceTree = "<group>"; };
		F94E5B321DE24C460051AF6E /* Info.plist */ = {isa = PBXFileReference; lastKnownFileType = text.plist.xml; path = Info.plist; sourceTree = "<group>"; };
		F94E5B381DE254040051AF6E /* Board.swift */ = {isa = PBXFileReference; fileEncoding = 4; lastKnownFileType = sourcecode.swift; path = Board.swift; sourceTree = "<group>"; };
		F9ECBD461DE2713600B9B71A /* Player.swift */ = {isa = PBXFileReference; fileEncoding = 4; lastKnownFileType = sourcecode.swift; path = Player.swift; sourceTree = "<group>"; };
/* End PBXFileReference section */

/* Begin PBXFrameworksBuildPhase section */
		F94E5B201DE24C460051AF6E /* Frameworks */ = {
			isa = PBXFrameworksBuildPhase;
			buildActionMask = 2147483647;
			files = (
			);
			runOnlyForDeploymentPostprocessing = 0;
		};
/* End PBXFrameworksBuildPhase section */

/* Begin PBXGroup section */
		F94E5B1A1DE24C460051AF6E = {
			isa = PBXGroup;
			children = (
				F94E5B251DE24C460051AF6E /* four-in-a-row */,
				F94E5B241DE24C460051AF6E /* Products */,
			);
			sourceTree = "<group>";
		};
		F94E5B241DE24C460051AF6E /* Products */ = {
			isa = PBXGroup;
			children = (
				F94E5B231DE24C460051AF6E /* four-in-a-row.app */,
			);
			name = Products;
			sourceTree = "<group>";
		};
		F94E5B251DE24C460051AF6E /* four-in-a-row */ = {
			isa = PBXGroup;
			children = (
				F94E5B261DE24C460051AF6E /* AppDelegate.swift */,
				F94E5B281DE24C460051AF6E /* ViewController.swift */,
				F94E5B381DE254040051AF6E /* Board.swift */,
				F9ECBD461DE2713600B9B71A /* Player.swift */,
				F94E5B2A1DE24C460051AF6E /* Main.storyboard */,
				F94E5B2D1DE24C460051AF6E /* Assets.xcassets */,
				F94E5B2F1DE24C460051AF6E /* LaunchScreen.storyboard */,
				F94E5B321DE24C460051AF6E /* Info.plist */,
			);
			path = "four-in-a-row";
			sourceTree = "<group>";
		};
/* End PBXGroup section */

/* Begin PBXNativeTarget section */
		F94E5B221DE24C460051AF6E /* four-in-a-row */ = {
			isa = PBXNativeTarget;
			buildConfigurationList = F94E5B351DE24C460051AF6E /* Build configuration list for PBXNativeTarget "four-in-a-row" */;
			buildPhases = (
				F94E5B1F1DE24C460051AF6E /* Sources */,
				F94E5B201DE24C460051AF6E /* Frameworks */,
				F94E5B211DE24C460051AF6E /* Resources */,
			);
			buildRules = (
			);
			dependencies = (
			);
			name = "four-in-a-row";
			productName = "four-in-a-row";
			productReference = F94E5B231DE24C460051AF6E /* four-in-a-row.app */;
			productType = "com.apple.product-type.application";
		};
/* End PBXNativeTarget section */

/* Begin PBXProject section */
		F94E5B1B1DE24C460051AF6E /* Project object */ = {
			isa = PBXProject;
			attributes = {
				LastSwiftUpdateCheck = 0810;
				LastUpgradeCheck = 0810;
				ORGANIZATIONNAME = "Adam Goth";
				TargetAttributes = {
					F94E5B221DE24C460051AF6E = {
						CreatedOnToolsVersion = 8.1;
						ProvisioningStyle = Automatic;
					};
				};
			};
			buildConfigurationList = F94E5B1E1DE24C460051AF6E /* Build configuration list for PBXProject "four-in-a-row" */;
			compatibilityVersion = "Xcode 3.2";
			developmentRegion = English;
			hasScannedForEncodings = 0;
			knownRegions = (
				en,
				Base,
			);
			mainGroup = F94E5B1A1DE24C460051AF6E;
			productRefGroup = F94E5B241DE24C460051AF6E /* Products */;
			projectDirPath = "";
			projectRoot = "";
			targets = (
				F94E5B221DE24C460051AF6E /* four-in-a-row */,
			);
		};
/* End PBXProject section */

/* Begin PBXResourcesBuildPhase section */
		F94E5B211DE24C460051AF6E /* Resources */ = {
			isa = PBXResourcesBuildPhase;
			buildActionMask = 2147483647;
			files = (
				F94E5B311DE24C460051AF6E /* LaunchScreen.storyboard in Resources */,
				F94E5B2E1DE24C460051AF6E /* Assets.xcassets in Resources */,
				F94E5B2C1DE24C460051AF6E /* Main.storyboard in Resources */,
			);
			runOnlyForDeploymentPostprocessing = 0;
		};
/* End PBXResourcesBuildPhase section */

/* Begin PBXSourcesBuildPhase section */
		F94E5B1F1DE24C460051AF6E /* Sources */ = {
			isa = PBXSourcesBuildPhase;
			buildActionMask = 2147483647;
			files = (
				F9ECBD471DE2713600B9B71A /* Player.swift in Sources */,
				F94E5B291DE24C460051AF6E /* ViewController.swift in Sources */,
				F94E5B271DE24C460051AF6E /* AppDelegate.swift in Sources */,
				F94E5B391DE254040051AF6E /* Board.swift in Sources */,
			);
			runOnlyForDeploymentPostprocessing = 0;
		};
/* End PBXSourcesBuildPhase section */

/* Begin PBXVariantGroup section */
		F94E5B2A1DE24C460051AF6E /* Main.storyboard */ = {
			isa = PBXVariantGroup;
			children = (
				F94E5B2B1DE24C460051AF6E /* Base */,
			);
			name = Main.storyboard;
			sourceTree = "<group>";
		};
		F94E5B2F1DE24C460051AF6E /* LaunchScreen.storyboard */ = {
			isa = PBXVariantGroup;
			children = (
				F94E5B301DE24C460051AF6E /* Base */,
			);
			name = LaunchScreen.storyboard;
			sourceTree = "<group>";
		};
/* End PBXVariantGroup section */

/* Begin XCBuildConfiguration section */
		F94E5B331DE24C460051AF6E /* Debug */ = {
			isa = XCBuildConfiguration;
			buildSettings = {
				ALWAYS_SEARCH_USER_PATHS = NO;
				CLANG_ANALYZER_NONNULL = YES;
				CLANG_CXX_LANGUAGE_STANDARD = "gnu++0x";
				CLANG_CXX_LIBRARY = "libc++";
				CLANG_ENABLE_MODULES = YES;
				CLANG_ENABLE_OBJC_ARC = YES;
				CLANG_WARN_BOOL_CONVERSION = YES;
				CLANG_WARN_CONSTANT_CONVERSION = YES;
				CLANG_WARN_DIRECT_OBJC_ISA_USAGE = YES_ERROR;
				CLANG_WARN_DOCUMENTATION_COMMENTS = YES;
				CLANG_WARN_EMPTY_BODY = YES;
				CLANG_WARN_ENUM_CONVERSION = YES;
				CLANG_WARN_INFINITE_RECURSION = YES;
				CLANG_WARN_INT_CONVERSION = YES;
				CLANG_WARN_OBJC_ROOT_CLASS = YES_ERROR;
				CLANG_WARN_SUSPICIOUS_MOVES = YES;
				CLANG_WARN_UNREACHABLE_CODE = YES;
				CLANG_WARN__DUPLICATE_METHOD_MATCH = YES;
				"CODE_SIGN_IDENTITY[sdk=iphoneos*]" = "iPhone Developer";
				COPY_PHASE_STRIP = NO;
				DEBUG_INFORMATION_FORMAT = dwarf;
				ENABLE_STRICT_OBJC_MSGSEND = YES;
				ENABLE_TESTABILITY = YES;
				GCC_C_LANGUAGE_STANDARD = gnu99;
				GCC_DYNAMIC_NO_PIC = NO;
				GCC_NO_COMMON_BLOCKS = YES;
				GCC_OPTIMIZATION_LEVEL = 0;
				GCC_PREPROCESSOR_DEFINITIONS = (
					"DEBUG=1",
					"$(inherited)",
				);
				GCC_WARN_64_TO_32_BIT_CONVERSION = YES;
				GCC_WARN_ABOUT_RETURN_TYPE = YES_ERROR;
				GCC_WARN_UNDECLARED_SELECTOR = YES;
				GCC_WARN_UNINITIALIZED_AUTOS = YES_AGGRESSIVE;
				GCC_WARN_UNUSED_FUNCTION = YES;
				GCC_WARN_UNUSED_VARIABLE = YES;
				IPHONEOS_DEPLOYMENT_TARGET = 10.1;
				MTL_ENABLE_DEBUG_INFO = YES;
				ONLY_ACTIVE_ARCH = YES;
				SDKROOT = iphoneos;
				SWIFT_ACTIVE_COMPILATION_CONDITIONS = DEBUG;
				SWIFT_OPTIMIZATION_LEVEL = "-Onone";
				TARGETED_DEVICE_FAMILY = 2;
			};
			name = Debug;
		};
		F94E5B341DE24C460051AF6E /* Release */ = {
			isa = XCBuildConfiguration;
			buildSettings = {
				ALWAYS_SEARCH_USER_PATHS = NO;
				CLANG_ANALYZER_NONNULL = YES;
				CLANG_CXX_LANGUAGE_STANDARD = "gnu++0x";
				CLANG_CXX_LIBRARY = "libc++";
				CLANG_ENABLE_MODULES = YES;
				CLANG_ENABLE_OBJC_ARC = YES;
				CLANG_WARN_BOOL_CONVERSION = YES;
				CLANG_WARN_CONSTANT_CONVERSION = YES;
				CLANG_WARN_DIRECT_OBJC_ISA_USAGE = YES_ERROR;
				CLANG_WARN_DOCUMENTATION_COMMENTS = YES;
				CLANG_WARN_EMPTY_BODY = YES;
				CLANG_WARN_ENUM_CONVERSION = YES;
				CLANG_WARN_INFINITE_RECURSION = YES;
				CLANG_WARN_INT_CONVERSION = YES;
				CLANG_WARN_OBJC_ROOT_CLASS = YES_ERROR;
				CLANG_WARN_SUSPICIOUS_MOVES = YES;
				CLANG_WARN_UNREACHABLE_CODE = YES;
				CLANG_WARN__DUPLICATE_METHOD_MATCH = YES;
				"CODE_SIGN_IDENTITY[sdk=iphoneos*]" = "iPhone Developer";
				COPY_PHASE_STRIP = NO;
				DEBUG_INFORMATION_FORMAT = "dwarf-with-dsym";
				ENABLE_NS_ASSERTIONS = NO;
				ENABLE_STRICT_OBJC_MSGSEND = YES;
				GCC_C_LANGUAGE_STANDARD = gnu99;
				GCC_NO_COMMON_BLOCKS = YES;
				GCC_WARN_64_TO_32_BIT_CONVERSION = YES;
				GCC_WARN_ABOUT_RETURN_TYPE = YES_ERROR;
				GCC_WARN_UNDECLARED_SELECTOR = YES;
				GCC_WARN_UNINITIALIZED_AUTOS = YES_AGGRESSIVE;
				GCC_WARN_UNUSED_FUNCTION = YES;
				GCC_WARN_UNUSED_VARIABLE = YES;
				IPHONEOS_DEPLOYMENT_TARGET = 10.1;
				MTL_ENABLE_DEBUG_INFO = NO;
				SDKROOT = iphoneos;
				SWIFT_OPTIMIZATION_LEVEL = "-Owholemodule";
				TARGETED_DEVICE_FAMILY = 2;
				VALIDATE_PRODUCT = YES;
			};
			name = Release;
		};
		F94E5B361DE24C460051AF6E /* Debug */ = {
			isa = XCBuildConfiguration;
			buildSettings = {
				ASSETCATALOG_COMPILER_APPICON_NAME = AppIcon;
				INFOPLIST_FILE = "four-in-a-row/Info.plist";
				LD_RUNPATH_SEARCH_PATHS = "$(inherited) @executable_path/Frameworks";
				PRODUCT_BUNDLE_IDENTIFIER = "com.adamgoth.four-in-a-row";
				PRODUCT_NAME = "$(TARGET_NAME)";
				SWIFT_VERSION = 3.0;
			};
			name = Debug;
		};
		F94E5B371DE24C460051AF6E /* Release */ = {
			isa = XCBuildConfiguration;
			buildSettings = {
				ASSETCATALOG_COMPILER_APPICON_NAME = AppIcon;
				INFOPLIST_FILE = "four-in-a-row/Info.plist";
				LD_RUNPATH_SEARCH_PATHS = "$(inherited) @executable_path/Frameworks";
				PRODUCT_BUNDLE_IDENTIFIER = "com.adamgoth.four-in-a-row";
				PRODUCT_NAME = "$(TARGET_NAME)";
				SWIFT_VERSION = 3.0;
			};
			name = Release;
		};
/* End XCBuildConfiguration section */

/* Begin XCConfigurationList section */
		F94E5B1E1DE24C460051AF6E /* Build configuration list for PBXProject "four-in-a-row" */ = {
			isa = XCConfigurationList;
			buildConfigurations = (
				F94E5B331DE24C460051AF6E /* Debug */,
				F94E5B341DE24C460051AF6E /* Release */,
			);
			defaultConfigurationIsVisible = 0;
			defaultConfigurationName = Release;
		};
		F94E5B351DE24C460051AF6E /* Build configuration list for PBXNativeTarget "four-in-a-row" */ = {
			isa = XCConfigurationList;
			buildConfigurations = (
				F94E5B361DE24C460051AF6E /* Debug */,
				F94E5B371DE24C460051AF6E /* Release */,
			);
			defaultConfigurationIsVisible = 0;
			defaultConfigurationName = Release;
		};
/* End XCConfigurationList section */
	};
	rootObject = F94E5B1B1DE24C460051AF6E /* Project object */;
}
